
Microsoft Visual Studio Solution File, Format Version 12.00
# Visual Studio Version 16
VisualStudioVersion = 16.0.30621.155
MinimumVisualStudioVersion = 10.0.40219.1
Project("{8BC9CEB8-8B4A-11D0-8D11-00A0C91BC942}") = "Server", "Server\Server.vcxproj", "{9C56D30F-7A69-4399-AC84-2C424D4C627E}"
EndProject
Project("{8BC9CEB8-8B4A-11D0-8D11-00A0C91BC942}") = "Client", "Client\Client.vcxproj", "{FB0626E8-90DB-4E35-8245-D6F84AA83C94}"
EndProject
Global
	GlobalSection(SolutionConfigurationPlatforms) = preSolution
		Debug|x64 = Debug|x64
		Debug|x86 = Debug|x86
		Release|x64 = Release|x64
		Release|x86 = Release|x86
	EndGlobalSection
	GlobalSection(ProjectConfigurationPlatforms) = postSolution
		{9C56D30F-7A69-4399-AC84-2C424D4C627E}.Debug|x64.ActiveCfg = Debug|x64
		{9C56D30F-7A69-4399-AC84-2C424D4C627E}.Debug|x64.Build.0 = Debug|x64
		{9C56D30F-7A69-4399-AC84-2C424D4C627E}.Debug|x86.ActiveCfg = Debug|Win32
		{9C56D30F-7A69-4399-AC84-2C424D4C627E}.Debug|x86.Build.0 = Debug|Win32
		{9C56D30F-7A69-4399-AC84-2C424D4C627E}.Release|x64.ActiveCfg = Release|x64
		{9C56D30F-7A69-4399-AC84-2C424D4C627E}.Release|x64.Build.0 = Release|x64
		{9C56D30F-7A69-4399-AC84-2C424D4C627E}.Release|x86.ActiveCfg = Release|Win32
		{9C56D30F-7A69-4399-AC84-2C424D4C627E}.Release|x86.Build.0 = Release|Win32
		{FB0626E8-90DB-4E35-8245-D6F84AA83C94}.Debug|x64.ActiveCfg = Debug|x64
		{FB0626E8-90DB-4E35-8245-D6F84AA83C94}.Debug|x64.Build.0 = Debug|x64
		{FB0626E8-90DB-4E35-8245-D6F84AA83C94}.Debug|x86.ActiveCfg = Debug|Win32
		{FB0626E8-90DB-4E35-8245-D6F84AA83C94}.Debug|x86.Build.0 = Debug|Win32
		{FB0626E8-90DB-4E35-8245-D6F84AA83C94}.Release|x64.ActiveCfg = Release|x64
		{FB0626E8-90DB-4E35-8245-D6F84AA83C94}.Release|x64.Build.0 = Release|x64
		{FB0626E8-90DB-4E35-8245-D6F84AA83C94}.Release|x86.ActiveCfg = Release|Win32
		{FB0626E8-90DB-4E35-8245-D6F84AA83C94}.Release|x86.Build.0 = Release|Win32
	EndGlobalSection
	GlobalSection(SolutionProperties) = preSolution
		HideSolutionNode = FALSE
	EndGlobalSection
	GlobalSection(ExtensibilityGlobals) = postSolution
		SolutionGuid = {303B48B5-1CBE-46FE-8337-7216F6EAEFC7}
	EndGlobalSection
EndGlobal
